
Microsoft Visual Studio Solution File, Format Version 12.00
# Visual Studio 14
VisualStudioVersion = 14.0.25420.1
MinimumVisualStudioVersion = 10.0.40219.1
Project("{2150E333-8FDC-42A3-9474-1A3956D46DE8}") = "Business", "Business", "{4463B034-F1C3-42CB-8004-AEC938105453}"
EndProject
Project("{2150E333-8FDC-42A3-9474-1A3956D46DE8}") = "Infrastructure", "Infrastructure", "{39A413BF-F88B-49D8-88A7-0C35CDEB32AB}"
EndProject
Project("{2150E333-8FDC-42A3-9474-1A3956D46DE8}") = "Presentation", "Presentation", "{ED366205-22FD-4542-AD64-02D8C9D4AEB7}"
EndProject
Project("{FAE04EC0-301F-11D3-BF4B-00C04F79EFBC}") = "ColSopApp.Core", "ColSopApp.Core\ColSopApp.Core.csproj", "{B85F04AE-D71F-4DA8-BD2E-77421161CF2C}"
EndProject
Project("{FAE04EC0-301F-11D3-BF4B-00C04F79EFBC}") = "ColSopApp.Services", "ColSopApp.Services\ColSopApp.Services.csproj", "{28A5BBDF-2608-40B9-BEF2-4840924AEE74}"
EndProject
Project("{FAE04EC0-301F-11D3-BF4B-00C04F79EFBC}") = "ColSopApp.Data", "ColSopApp.Data\ColSopApp.Data.csproj", "{D0A1F72C-ABEB-405F-812F-686DED05DD1E}"
EndProject
Project("{FAE04EC0-301F-11D3-BF4B-00C04F79EFBC}") = "ColSopApp.Dto", "ColSopApp.Dto\ColSopApp.Dto.csproj", "{AF8672A3-A551-44EB-BBE6-E22CF41F703F}"
EndProject
Project("{FAE04EC0-301F-11D3-BF4B-00C04F79EFBC}") = "ColSopApp.Logging", "ColSopApp.Logging\ColSopApp.Logging.csproj", "{5DB111B6-958B-4A38-9087-1EDD94806F0C}"
EndProject
Project("{FAE04EC0-301F-11D3-BF4B-00C04F79EFBC}") = "ColSopApp.Web", "ColSopApp.Web\ColSopApp.Web.csproj", "{89885C98-F8E5-43B7-827B-B698765D23F8}"
EndProject
Project("{FAE04EC0-301F-11D3-BF4B-00C04F79EFBC}") = "ColSopApp.Web.Tests", "ColSopApp.Web.Tests\ColSopApp.Web.Tests.csproj", "{3609EB95-48BB-49FF-A59A-2CF0E26F9767}"
EndProject
Project("{8BB2217D-0F2D-49D1-97BC-3654ED321F3B}") = "ColSopApp.Mobile", "ColSopApp.Mobile\ColSopApp.Mobile.xproj", "{F73E4F11-B4A8-4488-903A-76B0A0486051}"
EndProject
Global
	GlobalSection(SolutionConfigurationPlatforms) = preSolution
		Debug|Any CPU = Debug|Any CPU
		Release|Any CPU = Release|Any CPU
	EndGlobalSection
	GlobalSection(ProjectConfigurationPlatforms) = postSolution
		{B85F04AE-D71F-4DA8-BD2E-77421161CF2C}.Debug|Any CPU.ActiveCfg = Debug|Any CPU
		{B85F04AE-D71F-4DA8-BD2E-77421161CF2C}.Debug|Any CPU.Build.0 = Debug|Any CPU
		{B85F04AE-D71F-4DA8-BD2E-77421161CF2C}.Release|Any CPU.ActiveCfg = Release|Any CPU
		{B85F04AE-D71F-4DA8-BD2E-77421161CF2C}.Release|Any CPU.Build.0 = Release|Any CPU
		{28A5BBDF-2608-40B9-BEF2-4840924AEE74}.Debug|Any CPU.ActiveCfg = Debug|Any CPU
		{28A5BBDF-2608-40B9-BEF2-4840924AEE74}.Debug|Any CPU.Build.0 = Debug|Any CPU
		{28A5BBDF-2608-40B9-BEF2-4840924AEE74}.Release|Any CPU.ActiveCfg = Release|Any CPU
		{28A5BBDF-2608-40B9-BEF2-4840924AEE74}.Release|Any CPU.Build.0 = Release|Any CPU
		{D0A1F72C-ABEB-405F-812F-686DED05DD1E}.Debug|Any CPU.ActiveCfg = Debug|Any CPU
		{D0A1F72C-ABEB-405F-812F-686DED05DD1E}.Debug|Any CPU.Build.0 = Debug|Any CPU
		{D0A1F72C-ABEB-405F-812F-686DED05DD1E}.Release|Any CPU.ActiveCfg = Release|Any CPU
		{D0A1F72C-ABEB-405F-812F-686DED05DD1E}.Release|Any CPU.Build.0 = Release|Any CPU
		{AF8672A3-A551-44EB-BBE6-E22CF41F703F}.Debug|Any CPU.ActiveCfg = Debug|Any CPU
		{AF8672A3-A551-44EB-BBE6-E22CF41F703F}.Debug|Any CPU.Build.0 = Debug|Any CPU
		{AF8672A3-A551-44EB-BBE6-E22CF41F703F}.Release|Any CPU.ActiveCfg = Release|Any CPU
		{AF8672A3-A551-44EB-BBE6-E22CF41F703F}.Release|Any CPU.Build.0 = Release|Any CPU
		{5DB111B6-958B-4A38-9087-1EDD94806F0C}.Debug|Any CPU.ActiveCfg = Debug|Any CPU
		{5DB111B6-958B-4A38-9087-1EDD94806F0C}.Debug|Any CPU.Build.0 = Debug|Any CPU
		{5DB111B6-958B-4A38-9087-1EDD94806F0C}.Release|Any CPU.ActiveCfg = Release|Any CPU
		{5DB111B6-958B-4A38-9087-1EDD94806F0C}.Release|Any CPU.Build.0 = Release|Any CPU
		{89885C98-F8E5-43B7-827B-B698765D23F8}.Debug|Any CPU.ActiveCfg = Debug|Any CPU
		{89885C98-F8E5-43B7-827B-B698765D23F8}.Debug|Any CPU.Build.0 = Debug|Any CPU
		{89885C98-F8E5-43B7-827B-B698765D23F8}.Release|Any CPU.ActiveCfg = Release|Any CPU
		{89885C98-F8E5-43B7-827B-B698765D23F8}.Release|Any CPU.Build.0 = Release|Any CPU
		{3609EB95-48BB-49FF-A59A-2CF0E26F9767}.Debug|Any CPU.ActiveCfg = Debug|Any CPU
		{3609EB95-48BB-49FF-A59A-2CF0E26F9767}.Debug|Any CPU.Build.0 = Debug|Any CPU
		{3609EB95-48BB-49FF-A59A-2CF0E26F9767}.Release|Any CPU.ActiveCfg = Release|Any CPU
		{3609EB95-48BB-49FF-A59A-2CF0E26F9767}.Release|Any CPU.Build.0 = Release|Any CPU
		{F73E4F11-B4A8-4488-903A-76B0A0486051}.Debug|Any CPU.ActiveCfg = Debug|Any CPU
		{F73E4F11-B4A8-4488-903A-76B0A0486051}.Debug|Any CPU.Build.0 = Debug|Any CPU
		{F73E4F11-B4A8-4488-903A-76B0A0486051}.Release|Any CPU.ActiveCfg = Release|Any CPU
		{F73E4F11-B4A8-4488-903A-76B0A0486051}.Release|Any CPU.Build.0 = Release|Any CPU
	EndGlobalSection
	GlobalSection(SolutionProperties) = preSolution
		HideSolutionNode = FALSE
	EndGlobalSection
	GlobalSection(NestedProjects) = preSolution
		{B85F04AE-D71F-4DA8-BD2E-77421161CF2C} = {4463B034-F1C3-42CB-8004-AEC938105453}
		{28A5BBDF-2608-40B9-BEF2-4840924AEE74} = {4463B034-F1C3-42CB-8004-AEC938105453}
		{D0A1F72C-ABEB-405F-812F-686DED05DD1E} = {39A413BF-F88B-49D8-88A7-0C35CDEB32AB}
		{AF8672A3-A551-44EB-BBE6-E22CF41F703F} = {39A413BF-F88B-49D8-88A7-0C35CDEB32AB}
		{5DB111B6-958B-4A38-9087-1EDD94806F0C} = {39A413BF-F88B-49D8-88A7-0C35CDEB32AB}
		{89885C98-F8E5-43B7-827B-B698765D23F8} = {ED366205-22FD-4542-AD64-02D8C9D4AEB7}
		{3609EB95-48BB-49FF-A59A-2CF0E26F9767} = {ED366205-22FD-4542-AD64-02D8C9D4AEB7}
		{F73E4F11-B4A8-4488-903A-76B0A0486051} = {ED366205-22FD-4542-AD64-02D8C9D4AEB7}
	EndGlobalSection
EndGlobal
